// !$*UTF8*$!
{
	archiveVersion = 1;
	classes = {
	};
	objectVersion = 46;
	objects = {

/* Begin PBXBuildFile section */
		A35D987A1D7CABEA0065C2F8 /* AppDelegate.swift in Sources */ = {isa = PBXBuildFile; fileRef = A35D98791D7CABEA0065C2F8 /* AppDelegate.swift */; };
		A35D987C1D7CABEA0065C2F8 /* ViewController.swift in Sources */ = {isa = PBXBuildFile; fileRef = A35D987B1D7CABEA0065C2F8 /* ViewController.swift */; };
		A35D987F1D7CABEA0065C2F8 /* Main.storyboard in Resources */ = {isa = PBXBuildFile; fileRef = A35D987D1D7CABEA0065C2F8 /* Main.storyboard */; };
		A35D98811D7CABEA0065C2F8 /* Assets.xcassets in Resources */ = {isa = PBXBuildFile; fileRef = A35D98801D7CABEA0065C2F8 /* Assets.xcassets */; };
		A35D98841D7CABEA0065C2F8 /* LaunchScreen.storyboard in Resources */ = {isa = PBXBuildFile; fileRef = A35D98821D7CABEA0065C2F8 /* LaunchScreen.storyboard */; };
		A35D988F1D7CABEA0065C2F8 /* avRecorderExampleTests.swift in Sources */ = {isa = PBXBuildFile; fileRef = A35D988E1D7CABEA0065C2F8 /* avRecorderExampleTests.swift */; };
		A35D989A1D7CABEA0065C2F8 /* avRecorderExampleUITests.swift in Sources */ = {isa = PBXBuildFile; fileRef = A35D98991D7CABEA0065C2F8 /* avRecorderExampleUITests.swift */; };
/* End PBXBuildFile section */

/* Begin PBXContainerItemProxy section */
		A35D988B1D7CABEA0065C2F8 /* PBXContainerItemProxy */ = {
			isa = PBXContainerItemProxy;
			containerPortal = A35D986E1D7CABEA0065C2F8 /* Project object */;
			proxyType = 1;
			remoteGlobalIDString = A35D98751D7CABEA0065C2F8;
			remoteInfo = avRecorderExample;
		};
		A35D98961D7CABEA0065C2F8 /* PBXContainerItemProxy */ = {
			isa = PBXContainerItemProxy;
			containerPortal = A35D986E1D7CABEA0065C2F8 /* Project object */;
			proxyType = 1;
			remoteGlobalIDString = A35D98751D7CABEA0065C2F8;
			remoteInfo = avRecorderExample;
		};
/* End PBXContainerItemProxy section */

/* Begin PBXFileReference section */
		A35D98761D7CABEA0065C2F8 /* avRecorderExample.app */ = {isa = PBXFileReference; explicitFileType = wrapper.application; includeInIndex = 0; path = avRecorderExample.app; sourceTree = BUILT_PRODUCTS_DIR; };
		A35D98791D7CABEA0065C2F8 /* AppDelegate.swift */ = {isa = PBXFileReference; lastKnownFileType = sourcecode.swift; path = AppDelegate.swift; sourceTree = "<group>"; };
		A35D987B1D7CABEA0065C2F8 /* ViewController.swift */ = {isa = PBXFileReference; lastKnownFileType = sourcecode.swift; path = ViewController.swift; sourceTree = "<group>"; };
		A35D987E1D7CABEA0065C2F8 /* Base */ = {isa = PBXFileReference; lastKnownFileType = file.storyboard; name = Base; path = Base.lproj/Main.storyboard; sourceTree = "<group>"; };
		A35D98801D7CABEA0065C2F8 /* Assets.xcassets */ = {isa = PBXFileReference; lastKnownFileType = folder.assetcatalog; path = Assets.xcassets; sourceTree = "<group>"; };
		A35D98831D7CABEA0065C2F8 /* Base */ = {isa = PBXFileReference; lastKnownFileType = file.storyboard; name = Base; path = Base.lproj/LaunchScreen.storyboard; sourceTree = "<group>"; };
		A35D98851D7CABEA0065C2F8 /* Info.plist */ = {isa = PBXFileReference; lastKnownFileType = text.plist.xml; path = Info.plist; sourceTree = "<group>"; };
		A35D988A1D7CABEA0065C2F8 /* avRecorderExampleTests.xctest */ = {isa = PBXFileReference; explicitFileType = wrapper.cfbundle; includeInIndex = 0; path = avRecorderExampleTests.xctest; sourceTree = BUILT_PRODUCTS_DIR; };
		A35D988E1D7CABEA0065C2F8 /* avRecorderExampleTests.swift */ = {isa = PBXFileReference; lastKnownFileType = sourcecode.swift; path = avRecorderExampleTests.swift; sourceTree = "<group>"; };
		A35D98901D7CABEA0065C2F8 /* Info.plist */ = {isa = PBXFileReference; lastKnownFileType = text.plist.xml; path = Info.plist; sourceTree = "<group>"; };
		A35D98951D7CABEA0065C2F8 /* avRecorderExampleUITests.xctest */ = {isa = PBXFileReference; explicitFileType = wrapper.cfbundle; includeInIndex = 0; path = avRecorderExampleUITests.xctest; sourceTree = BUILT_PRODUCTS_DIR; };
		A35D98991D7CABEA0065C2F8 /* avRecorderExampleUITests.swift */ = {isa = PBXFileReference; lastKnownFileType = sourcecode.swift; path = avRecorderExampleUITests.swift; sourceTree = "<group>"; };
		A35D989B1D7CABEA0065C2F8 /* Info.plist */ = {isa = PBXFileReference; lastKnownFileType = text.plist.xml; path = Info.plist; sourceTree = "<group>"; };
/* End PBXFileReference section */

/* Begin PBXFrameworksBuildPhase section */
		A35D98731D7CABEA0065C2F8 /* Frameworks */ = {
			isa = PBXFrameworksBuildPhase;
			buildActionMask = 2147483647;
			files = (
			);
			runOnlyForDeploymentPostprocessing = 0;
		};
		A35D98871D7CABEA0065C2F8 /* Frameworks */ = {
			isa = PBXFrameworksBuildPhase;
			buildActionMask = 2147483647;
			files = (
			);
			runOnlyForDeploymentPostprocessing = 0;
		};
		A35D98921D7CABEA0065C2F8 /* Frameworks */ = {
			isa = PBXFrameworksBuildPhase;
			buildActionMask = 2147483647;
			files = (
			);
			runOnlyForDeploymentPostprocessing = 0;
		};
/* End PBXFrameworksBuildPhase section */

/* Begin PBXGroup section */
		A35D986D1D7CABEA0065C2F8 = {
			isa = PBXGroup;
			children = (
				A35D98781D7CABEA0065C2F8 /* avRecorderExample */,
				A35D988D1D7CABEA0065C2F8 /* avRecorderExampleTests */,
				A35D98981D7CABEA0065C2F8 /* avRecorderExampleUITests */,
				A35D98771D7CABEA0065C2F8 /* Products */,
			);
			sourceTree = "<group>";
		};
		A35D98771D7CABEA0065C2F8 /* Products */ = {
			isa = PBXGroup;
			children = (
				A35D98761D7CABEA0065C2F8 /* avRecorderExample.app */,
				A35D988A1D7CABEA0065C2F8 /* avRecorderExampleTests.xctest */,
				A35D98951D7CABEA0065C2F8 /* avRecorderExampleUITests.xctest */,
			);
			name = Products;
			sourceTree = "<group>";
		};
		A35D98781D7CABEA0065C2F8 /* avRecorderExample */ = {
			isa = PBXGroup;
			children = (
				A35D98791D7CABEA0065C2F8 /* AppDelegate.swift */,
				A35D987B1D7CABEA0065C2F8 /* ViewController.swift */,
				A35D987D1D7CABEA0065C2F8 /* Main.storyboard */,
				A35D98801D7CABEA0065C2F8 /* Assets.xcassets */,
				A35D98821D7CABEA0065C2F8 /* LaunchScreen.storyboard */,
				A35D98851D7CABEA0065C2F8 /* Info.plist */,
			);
			path = avRecorderExample;
			sourceTree = "<group>";
		};
		A35D988D1D7CABEA0065C2F8 /* avRecorderExampleTests */ = {
			isa = PBXGroup;
			children = (
				A35D988E1D7CABEA0065C2F8 /* avRecorderExampleTests.swift */,
				A35D98901D7CABEA0065C2F8 /* Info.plist */,
			);
			path = avRecorderExampleTests;
			sourceTree = "<group>";
		};
		A35D98981D7CABEA0065C2F8 /* avRecorderExampleUITests */ = {
			isa = PBXGroup;
			children = (
				A35D98991D7CABEA0065C2F8 /* avRecorderExampleUITests.swift */,
				A35D989B1D7CABEA0065C2F8 /* Info.plist */,
			);
			path = avRecorderExampleUITests;
			sourceTree = "<group>";
		};
/* End PBXGroup section */

/* Begin PBXNativeTarget section */
		A35D98751D7CABEA0065C2F8 /* avRecorderExample */ = {
			isa = PBXNativeTarget;
			buildConfigurationList = A35D989E1D7CABEA0065C2F8 /* Build configuration list for PBXNativeTarget "avRecorderExample" */;
			buildPhases = (
				A35D98721D7CABEA0065C2F8 /* Sources */,
				A35D98731D7CABEA0065C2F8 /* Frameworks */,
				A35D98741D7CABEA0065C2F8 /* Resources */,
			);
			buildRules = (
			);
			dependencies = (
			);
			name = avRecorderExample;
			productName = avRecorderExample;
			productReference = A35D98761D7CABEA0065C2F8 /* avRecorderExample.app */;
			productType = "com.apple.product-type.application";
		};
		A35D98891D7CABEA0065C2F8 /* avRecorderExampleTests */ = {
			isa = PBXNativeTarget;
			buildConfigurationList = A35D98A11D7CABEA0065C2F8 /* Build configuration list for PBXNativeTarget "avRecorderExampleTests" */;
			buildPhases = (
				A35D98861D7CABEA0065C2F8 /* Sources */,
				A35D98871D7CABEA0065C2F8 /* Frameworks */,
				A35D98881D7CABEA0065C2F8 /* Resources */,
			);
			buildRules = (
			);
			dependencies = (
				A35D988C1D7CABEA0065C2F8 /* PBXTargetDependency */,
			);
			name = avRecorderExampleTests;
			productName = avRecorderExampleTests;
			productReference = A35D988A1D7CABEA0065C2F8 /* avRecorderExampleTests.xctest */;
			productType = "com.apple.product-type.bundle.unit-test";
		};
		A35D98941D7CABEA0065C2F8 /* avRecorderExampleUITests */ = {
			isa = PBXNativeTarget;
			buildConfigurationList = A35D98A41D7CABEA0065C2F8 /* Build configuration list for PBXNativeTarget "avRecorderExampleUITests" */;
			buildPhases = (
				A35D98911D7CABEA0065C2F8 /* Sources */,
				A35D98921D7CABEA0065C2F8 /* Frameworks */,
				A35D98931D7CABEA0065C2F8 /* Resources */,
			);
			buildRules = (
			);
			dependencies = (
				A35D98971D7CABEA0065C2F8 /* PBXTargetDependency */,
			);
			name = avRecorderExampleUITests;
			productName = avRecorderExampleUITests;
			productReference = A35D98951D7CABEA0065C2F8 /* avRecorderExampleUITests.xctest */;
			productType = "com.apple.product-type.bundle.ui-testing";
		};
/* End PBXNativeTarget section */

/* Begin PBXProject section */
		A35D986E1D7CABEA0065C2F8 /* Project object */ = {
			isa = PBXProject;
			attributes = {
				LastSwiftUpdateCheck = 0730;
				LastUpgradeCheck = 0730;
				ORGANIZATIONNAME = joeplazak;
				TargetAttributes = {
					A35D98751D7CABEA0065C2F8 = {
						CreatedOnToolsVersion = 7.3.1;
					};
					A35D98891D7CABEA0065C2F8 = {
						CreatedOnToolsVersion = 7.3.1;
						TestTargetID = A35D98751D7CABEA0065C2F8;
					};
					A35D98941D7CABEA0065C2F8 = {
						CreatedOnToolsVersion = 7.3.1;
						TestTargetID = A35D98751D7CABEA0065C2F8;
					};
				};
			};
			buildConfigurationList = A35D98711D7CABEA0065C2F8 /* Build configuration list for PBXProject "avRecorderExample" */;
			compatibilityVersion = "Xcode 3.2";
			developmentRegion = English;
			hasScannedForEncodings = 0;
			knownRegions = (
				en,
				Base,
			);
			mainGroup = A35D986D1D7CABEA0065C2F8;
			productRefGroup = A35D98771D7CABEA0065C2F8 /* Products */;
			projectDirPath = "";
			projectRoot = "";
			targets = (
				A35D98751D7CABEA0065C2F8 /* avRecorderExample */,
				A35D98891D7CABEA0065C2F8 /* avRecorderExampleTests */,
				A35D98941D7CABEA0065C2F8 /* avRecorderExampleUITests */,
			);
		};
/* End PBXProject section */

/* Begin PBXResourcesBuildPhase section */
		A35D98741D7CABEA0065C2F8 /* Resources */ = {
			isa = PBXResourcesBuildPhase;
			buildActionMask = 2147483647;
			files = (
				A35D98841D7CABEA0065C2F8 /* LaunchScreen.storyboard in Resources */,
				A35D98811D7CABEA0065C2F8 /* Assets.xcassets in Resources */,
				A35D987F1D7CABEA0065C2F8 /* Main.storyboard in Resources */,
			);
			runOnlyForDeploymentPostprocessing = 0;
		};
		A35D98881D7CABEA0065C2F8 /* Resources */ = {
			isa = PBXResourcesBuildPhase;
			buildActionMask = 2147483647;
			files = (
			);
			runOnlyForDeploymentPostprocessing = 0;
		};
		A35D98931D7CABEA0065C2F8 /* Resources */ = {
			isa = PBXResourcesBuildPhase;
			buildActionMask = 2147483647;
			files = (
			);
			runOnlyForDeploymentPostprocessing = 0;
		};
/* End PBXResourcesBuildPhase section */

/* Begin PBXSourcesBuildPhase section */
		A35D98721D7CABEA0065C2F8 /* Sources */ = {
			isa = PBXSourcesBuildPhase;
			buildActionMask = 2147483647;
			files = (
				A35D987C1D7CABEA0065C2F8 /* ViewController.swift in Sources */,
				A35D987A1D7CABEA0065C2F8 /* AppDelegate.swift in Sources */,
			);
			runOnlyForDeploymentPostprocessing = 0;
		};
		A35D98861D7CABEA0065C2F8 /* Sources */ = {
			isa = PBXSourcesBuildPhase;
			buildActionMask = 2147483647;
			files = (
				A35D988F1D7CABEA0065C2F8 /* avRecorderExampleTests.swift in Sources */,
			);
			runOnlyForDeploymentPostprocessing = 0;
		};
		A35D98911D7CABEA0065C2F8 /* Sources */ = {
			isa = PBXSourcesBuildPhase;
			buildActionMask = 2147483647;
			files = (
				A35D989A1D7CABEA0065C2F8 /* avRecorderExampleUITests.swift in Sources */,
			);
			runOnlyForDeploymentPostprocessing = 0;
		};
/* End PBXSourcesBuildPhase section */

/* Begin PBXTargetDependency section */
		A35D988C1D7CABEA0065C2F8 /* PBXTargetDependency */ = {
			isa = PBXTargetDependency;
			target = A35D98751D7CABEA0065C2F8 /* avRecorderExample */;
			targetProxy = A35D988B1D7CABEA0065C2F8 /* PBXContainerItemProxy */;
		};
		A35D98971D7CABEA0065C2F8 /* PBXTargetDependency */ = {
			isa = PBXTargetDependency;
			target = A35D98751D7CABEA0065C2F8 /* avRecorderExample */;
			targetProxy = A35D98961D7CABEA0065C2F8 /* PBXContainerItemProxy */;
		};
/* End PBXTargetDependency section */

/* Begin PBXVariantGroup section */
		A35D987D1D7CABEA0065C2F8 /* Main.storyboard */ = {
			isa = PBXVariantGroup;
			children = (
				A35D987E1D7CABEA0065C2F8 /* Base */,
			);
			name = Main.storyboard;
			sourceTree = "<group>";
		};
		A35D98821D7CABEA0065C2F8 /* LaunchScreen.storyboard */ = {
			isa = PBXVariantGroup;
			children = (
				A35D98831D7CABEA0065C2F8 /* Base */,
			);
			name = LaunchScreen.storyboard;
			sourceTree = "<group>";
		};
/* End PBXVariantGroup section */

/* Begin XCBuildConfiguration section */
		A35D989C1D7CABEA0065C2F8 /* Debug */ = {
			isa = XCBuildConfiguration;
			buildSettings = {
				ALWAYS_SEARCH_USER_PATHS = NO;
				CLANG_ANALYZER_NONNULL = YES;
				CLANG_CXX_LANGUAGE_STANDARD = "gnu++0x";
				CLANG_CXX_LIBRARY = "libc++";
				CLANG_ENABLE_MODULES = YES;
				CLANG_ENABLE_OBJC_ARC = YES;
				CLANG_WARN_BOOL_CONVERSION = YES;
				CLANG_WARN_CONSTANT_CONVERSION = YES;
				CLANG_WARN_DIRECT_OBJC_ISA_USAGE = YES_ERROR;
				CLANG_WARN_EMPTY_BODY = YES;
				CLANG_WARN_ENUM_CONVERSION = YES;
				CLANG_WARN_INT_CONVERSION = YES;
				CLANG_WARN_OBJC_ROOT_CLASS = YES_ERROR;
				CLANG_WARN_UNREACHABLE_CODE = YES;
				CLANG_WARN__DUPLICATE_METHOD_MATCH = YES;
				"CODE_SIGN_IDENTITY[sdk=iphoneos*]" = "iPhone Developer";
				COPY_PHASE_STRIP = NO;
				DEBUG_INFORMATION_FORMAT = dwarf;
				ENABLE_STRICT_OBJC_MSGSEND = YES;
				ENABLE_TESTABILITY = YES;
				GCC_C_LANGUAGE_STANDARD = gnu99;
				GCC_DYNAMIC_NO_PIC = NO;
				GCC_NO_COMMON_BLOCKS = YES;
				GCC_OPTIMIZATION_LEVEL = 0;
				GCC_PREPROCESSOR_DEFINITIONS = (
					"DEBUG=1",
					"$(inherited)",
				);
				GCC_WARN_64_TO_32_BIT_CONVERSION = YES;
				GCC_WARN_ABOUT_RETURN_TYPE = YES_ERROR;
				GCC_WARN_UNDECLARED_SELECTOR = YES;
				GCC_WARN_UNINITIALIZED_AUTOS = YES_AGGRESSIVE;
				GCC_WARN_UNUSED_FUNCTION = YES;
				GCC_WARN_UNUSED_VARIABLE = YES;
				IPHONEOS_DEPLOYMENT_TARGET = 9.3;
				MTL_ENABLE_DEBUG_INFO = YES;
				ONLY_ACTIVE_ARCH = YES;
				SDKROOT = iphoneos;
				SWIFT_OPTIMIZATION_LEVEL = "-Onone";
				TARGETED_DEVICE_FAMILY = "1,2";
			};
			name = Debug;
		};
		A35D989D1D7CABEA0065C2F8 /* Release */ = {
			isa = XCBuildConfiguration;
			buildSettings = {
				ALWAYS_SEARCH_USER_PATHS = NO;
				CLANG_ANALYZER_NONNULL = YES;
				CLANG_CXX_LANGUAGE_STANDARD = "gnu++0x";
				CLANG_CXX_LIBRARY = "libc++";
				CLANG_ENABLE_MODULES = YES;
				CLANG_ENABLE_OBJC_ARC = YES;
				CLANG_WARN_BOOL_CONVERSION = YES;
				CLANG_WARN_CONSTANT_CONVERSION = YES;
				CLANG_WARN_DIRECT_OBJC_ISA_USAGE = YES_ERROR;
				CLANG_WARN_EMPTY_BODY = YES;
				CLANG_WARN_ENUM_CONVERSION = YES;
				CLANG_WARN_INT_CONVERSION = YES;
				CLANG_WARN_OBJC_ROOT_CLASS = YES_ERROR;
				CLANG_WARN_UNREACHABLE_CODE = YES;
				CLANG_WARN__DUPLICATE_METHOD_MATCH = YES;
				"CODE_SIGN_IDENTITY[sdk=iphoneos*]" = "iPhone Developer";
				COPY_PHASE_STRIP = NO;
				DEBUG_INFORMATION_FORMAT = "dwarf-with-dsym";
				ENABLE_NS_ASSERTIONS = NO;
				ENABLE_STRICT_OBJC_MSGSEND = YES;
				GCC_C_LANGUAGE_STANDARD = gnu99;
				GCC_NO_COMMON_BLOCKS = YES;
				GCC_WARN_64_TO_32_BIT_CONVERSION = YES;
				GCC_WARN_ABOUT_RETURN_TYPE = YES_ERROR;
				GCC_WARN_UNDECLARED_SELECTOR = YES;
				GCC_WARN_UNINITIALIZED_AUTOS = YES_AGGRESSIVE;
				GCC_WARN_UNUSED_FUNCTION = YES;
				GCC_WARN_UNUSED_VARIABLE = YES;
				IPHONEOS_DEPLOYMENT_TARGET = 9.3;
				MTL_ENABLE_DEBUG_INFO = NO;
				SDKROOT = iphoneos;
				TARGETED_DEVICE_FAMILY = "1,2";
				VALIDATE_PRODUCT = YES;
			};
			name = Release;
		};
		A35D989F1D7CABEA0065C2F8 /* Debug */ = {
			isa = XCBuildConfiguration;
			buildSettings = {
				ASSETCATALOG_COMPILER_APPICON_NAME = AppIcon;
				INFOPLIST_FILE = avRecorderExample/Info.plist;
				LD_RUNPATH_SEARCH_PATHS = "$(inherited) @executable_path/Frameworks";
				PRODUCT_BUNDLE_IDENTIFIER = com.jsplazak.avRecorderExample;
				PRODUCT_NAME = "$(TARGET_NAME)";
			};
			name = Debug;
		};
		A35D98A01D7CABEA0065C2F8 /* Release */ = {
			isa = XCBuildConfiguration;
			buildSettings = {
				ASSETCATALOG_COMPILER_APPICON_NAME = AppIcon;
				INFOPLIST_FILE = avRecorderExample/Info.plist;
				LD_RUNPATH_SEARCH_PATHS = "$(inherited) @executable_path/Frameworks";
				PRODUCT_BUNDLE_IDENTIFIER = com.jsplazak.avRecorderExample;
				PRODUCT_NAME = "$(TARGET_NAME)";
			};
			name = Release;
		};
		A35D98A21D7CABEA0065C2F8 /* Debug */ = {
			isa = XCBuildConfiguration;
			buildSettings = {
				BUNDLE_LOADER = "$(TEST_HOST)";
				INFOPLIST_FILE = avRecorderExampleTests/Info.plist;
				LD_RUNPATH_SEARCH_PATHS = "$(inherited) @executable_path/Frameworks @loader_path/Frameworks";
				PRODUCT_BUNDLE_IDENTIFIER = com.jsplazak.avRecorderExampleTests;
				PRODUCT_NAME = "$(TARGET_NAME)";
				TEST_HOST = "$(BUILT_PRODUCTS_DIR)/avRecorderExample.app/avRecorderExample";
			};
			name = Debug;
		};
		A35D98A31D7CABEA0065C2F8 /* Release */ = {
			isa = XCBuildConfiguration;
			buildSettings = {
				BUNDLE_LOADER = "$(TEST_HOST)";
				INFOPLIST_FILE = avRecorderExampleTests/Info.plist;
				LD_RUNPATH_SEARCH_PATHS = "$(inherited) @executable_path/Frameworks @loader_path/Frameworks";
				PRODUCT_BUNDLE_IDENTIFIER = com.jsplazak.avRecorderExampleTests;
				PRODUCT_NAME = "$(TARGET_NAME)";
				TEST_HOST = "$(BUILT_PRODUCTS_DIR)/avRecorderExample.app/avRecorderExample";
			};
			name = Release;
		};
		A35D98A51D7CABEA0065C2F8 /* Debug */ = {
			isa = XCBuildConfiguration;
			buildSettings = {
				INFOPLIST_FILE = avRecorderExampleUITests/Info.plist;
				LD_RUNPATH_SEARCH_PATHS = "$(inherited) @executable_path/Frameworks @loader_path/Frameworks";
				PRODUCT_BUNDLE_IDENTIFIER = com.jsplazak.avRecorderExampleUITests;
				PRODUCT_NAME = "$(TARGET_NAME)";
				TEST_TARGET_NAME = avRecorderExample;
			};
			name = Debug;
		};
		A35D98A61D7CABEA0065C2F8 /* Release */ = {
			isa = XCBuildConfiguration;
			buildSettings = {
				INFOPLIST_FILE = avRecorderExampleUITests/Info.plist;
				LD_RUNPATH_SEARCH_PATHS = "$(inherited) @executable_path/Frameworks @loader_path/Frameworks";
				PRODUCT_BUNDLE_IDENTIFIER = com.jsplazak.avRecorderExampleUITests;
				PRODUCT_NAME = "$(TARGET_NAME)";
				TEST_TARGET_NAME = avRecorderExample;
			};
			name = Release;
		};
/* End XCBuildConfiguration section */

/* Begin XCConfigurationList section */
		A35D98711D7CABEA0065C2F8 /* Build configuration list for PBXProject "avRecorderExample" */ = {
			isa = XCConfigurationList;
			buildConfigurations = (
				A35D989C1D7CABEA0065C2F8 /* Debug */,
				A35D989D1D7CABEA0065C2F8 /* Release */,
			);
			defaultConfigurationIsVisible = 0;
			defaultConfigurationName = Release;
		};
		A35D989E1D7CABEA0065C2F8 /* Build configuration list for PBXNativeTarget "avRecorderExample" */ = {
			isa = XCConfigurationList;
			buildConfigurations = (
				A35D989F1D7CABEA0065C2F8 /* Debug */,
				A35D98A01D7CABEA0065C2F8 /* Release */,
			);
			defaultConfigurationIsVisible = 0;
		};
		A35D98A11D7CABEA0065C2F8 /* Build configuration list for PBXNativeTarget "avRecorderExampleTests" */ = {
			isa = XCConfigurationList;
			buildConfigurations = (
				A35D98A21D7CABEA0065C2F8 /* Debug */,
				A35D98A31D7CABEA0065C2F8 /* Release */,
			);
			defaultConfigurationIsVisible = 0;
		};
		A35D98A41D7CABEA0065C2F8 /* Build configuration list for PBXNativeTarget "avRecorderExampleUITests" */ = {
			isa = XCConfigurationList;
			buildConfigurations = (
				A35D98A51D7CABEA0065C2F8 /* Debug */,
				A35D98A61D7CABEA0065C2F8 /* Release */,
			);
			defaultConfigurationIsVisible = 0;
		};
/* End XCConfigurationList section */
	};
	rootObject = A35D986E1D7CABEA0065C2F8 /* Project object */;
}
